
Microsoft Visual Studio Solution File, Format Version 12.00
# Visual Studio 2013
VisualStudioVersion = 12.0.21005.1
MinimumVisualStudioVersion = 10.0.40219.1
Project("{8BC9CEB8-8B4A-11D0-8D11-00A0C91BC942}") = "课内作业", "课内作业\课内作业.vcxproj", "{C128A63D-5D60-4BDA-999A-0AE5C2B8A5F8}"
EndProject
Global
	GlobalSection(SolutionConfigurationPlatforms) = preSolution
		Debug|Win32 = Debug|Win32
		Release|Win32 = Release|Win32
	EndGlobalSection
	GlobalSection(ProjectConfigurationPlatforms) = postSolution
		{C128A63D-5D60-4BDA-999A-0AE5C2B8A5F8}.Debug|Win32.ActiveCfg = Debug|Win32
		{C128A63D-5D60-4BDA-999A-0AE5C2B8A5F8}.Debug|Win32.Build.0 = Debug|Win32
		{C128A63D-5D60-4BDA-999A-0AE5C2B8A5F8}.Release|Win32.ActiveCfg = Release|Win32
		{C128A63D-5D60-4BDA-999A-0AE5C2B8A5F8}.Release|Win32.Build.0 = Release|Win32
	EndGlobalSection
	GlobalSection(SolutionProperties) = preSolution
		HideSolutionNode = FALSE
	EndGlobalSection
EndGlobal
